
Microsoft Visual Studio Solution File, Format Version 12.00
# Visual Studio 15
VisualStudioVersion = 15.0.26430.15
MinimumVisualStudioVersion = 10.0.40219.1
Project("{FAE04EC0-301F-11D3-BF4B-00C04F79EFBC}") = "ComplexNumber", "ComplexNumber\ComplexNumber.csproj", "{1980B16B-FE0A-40D9-944D-AE60ACF2290D}"
EndProject
Global
	GlobalSection(SolutionConfigurationPlatforms) = preSolution
		Debug|Any CPU = Debug|Any CPU
		Release|Any CPU = Release|Any CPU
	EndGlobalSection
	GlobalSection(ProjectConfigurationPlatforms) = postSolution
		{1980B16B-FE0A-40D9-944D-AE60ACF2290D}.Debug|Any CPU.ActiveCfg = Debug|Any CPU
		{1980B16B-FE0A-40D9-944D-AE60ACF2290D}.Debug|Any CPU.Build.0 = Debug|Any CPU
		{1980B16B-FE0A-40D9-944D-AE60ACF2290D}.Release|Any CPU.ActiveCfg = Release|Any CPU
		{1980B16B-FE0A-40D9-944D-AE60ACF2290D}.Release|Any CPU.Build.0 = Release|Any CPU
	EndGlobalSection
	GlobalSection(SolutionProperties) = preSolution
		HideSolutionNode = FALSE
	EndGlobalSection
EndGlobal
